
Microsoft Visual Studio Solution File, Format Version 12.00
# Visual Studio Version 17
VisualStudioVersion = 17.11.35312.102
MinimumVisualStudioVersion = 10.0.40219.1
Project("{FAE04EC0-301F-11D3-BF4B-00C04F79EFBC}") = "ButtonBomber", "ButtonBomber\ButtonBomber.csproj", "{C2A95206-2CFB-460D-BA5D-CC3C9E3F81D9}"
EndProject
Global
	GlobalSection(SolutionConfigurationPlatforms) = preSolution
		Debug|Any CPU = Debug|Any CPU
		Release|Any CPU = Release|Any CPU
	EndGlobalSection
	GlobalSection(ProjectConfigurationPlatforms) = postSolution
		{C2A95206-2CFB-460D-BA5D-CC3C9E3F81D9}.Debug|Any CPU.ActiveCfg = Debug|Any CPU
		{C2A95206-2CFB-460D-BA5D-CC3C9E3F81D9}.Debug|Any CPU.Build.0 = Debug|Any CPU
		{C2A95206-2CFB-460D-BA5D-CC3C9E3F81D9}.Release|Any CPU.ActiveCfg = Release|Any CPU
		{C2A95206-2CFB-460D-BA5D-CC3C9E3F81D9}.Release|Any CPU.Build.0 = Release|Any CPU
	EndGlobalSection
	GlobalSection(SolutionProperties) = preSolution
		HideSolutionNode = FALSE
	EndGlobalSection
	GlobalSection(ExtensibilityGlobals) = postSolution
		SolutionGuid = {5AE8AF22-CB64-4B82-A29A-66F62977A940}
	EndGlobalSection
EndGlobal
